PODS:
  - Genome (2.0.4):
    - PureJsonSerializer (~> 1.0.0)
  - PureJsonSerializer (1.0.2)

DEPENDENCIES:
  - Genome (~> 2.0.0)

SPEC CHECKSUMS:
  Genome: ee22f71d87eefac0f622f77e75d1fef7f7fa12e7
  PureJsonSerializer: 81d6bc0e21ed4b837193279aa3d29981f75f9057

PODFILE CHECKSUM: 410e3ead28c076a095c6a784228752a93d34e8e1

COCOAPODS: 1.0.1
