// !$*UTF8*$!
{
	archiveVersion = 1;
	classes = {
	};
	objectVersion = 46;
	objects = {

/* Begin PBXBuildFile section */
		3123A10B1D11CBF100859104 /* BaseModel.swift in Sources */ = {isa = PBXBuildFile; fileRef = 3123A10A1D11CBF100859104 /* BaseModel.swift */; };
		3161CD8E1D0739C3005F38DE /* LoginViewController.swift in Sources */ = {isa = PBXBuildFile; fileRef = 3161CD8D1D0739C3005F38DE /* LoginViewController.swift */; };
		3194FE6E1D1334A400C9E477 /* AVFoundation.framework in Frameworks */ = {isa = PBXBuildFile; fileRef = 3194FE6D1D1334A400C9E477 /* AVFoundation.framework */; };
		3194FE701D13383500C9E477 /* RealmManager.swift in Sources */ = {isa = PBXBuildFile; fileRef = 3194FE6F1D13383500C9E477 /* RealmManager.swift */; };
		3194FE721D138F5700C9E477 /* String+RandomString.swift in Sources */ = {isa = PBXBuildFile; fileRef = 3194FE711D138F5700C9E477 /* String+RandomString.swift */; };
		31AB8D211D06069500CA2F30 /* AppDelegate.swift in Sources */ = {isa = PBXBuildFile; fileRef = 31AB8D201D06069500CA2F30 /* AppDelegate.swift */; };
		31AB8D231D06069500CA2F30 /* SearchViewController.swift in Sources */ = {isa = PBXBuildFile; fileRef = 31AB8D221D06069500CA2F30 /* SearchViewController.swift */; };
		31AB8D261D06069500CA2F30 /* Main.storyboard in Resources */ = {isa = PBXBuildFile; fileRef = 31AB8D241D06069500CA2F30 /* Main.storyboard */; };
		31AB8D281D06069500CA2F30 /* Assets.xcassets in Resources */ = {isa = PBXBuildFile; fileRef = 31AB8D271D06069500CA2F30 /* Assets.xcassets */; };
		31AB8D2B1D06069500CA2F30 /* LaunchScreen.storyboard in Resources */ = {isa = PBXBuildFile; fileRef = 31AB8D291D06069500CA2F30 /* LaunchScreen.storyboard */; };
		31AB8D361D06069500CA2F30 /* SpotifyViewerTests.swift in Sources */ = {isa = PBXBuildFile; fileRef = 31AB8D351D06069500CA2F30 /* SpotifyViewerTests.swift */; };
		31AB8D411D06069500CA2F30 /* SpotifyViewerUITests.swift in Sources */ = {isa = PBXBuildFile; fileRef = 31AB8D401D06069500CA2F30 /* SpotifyViewerUITests.swift */; };
		31AB8D541D06089100CA2F30 /* SpotifyArtist.swift in Sources */ = {isa = PBXBuildFile; fileRef = 31AB8D531D06089100CA2F30 /* SpotifyArtist.swift */; };
		31AB8D561D0608A000CA2F30 /* SARequestManager.swift in Sources */ = {isa = PBXBuildFile; fileRef = 31AB8D551D0608A000CA2F30 /* SARequestManager.swift */; };
		31BCB4BC1D0B556900D44947 /* ArtistBio.swift in Sources */ = {isa = PBXBuildFile; fileRef = 31BCB4BB1D0B556900D44947 /* ArtistBio.swift */; };
		31BCB4BE1D0B562700D44947 /* LFRequestManager.swift in Sources */ = {isa = PBXBuildFile; fileRef = 31BCB4BD1D0B562700D44947 /* LFRequestManager.swift */; };
		31BCB4C11D0B6BB200D44947 /* UITextField+ReplaceText.swift in Sources */ = {isa = PBXBuildFile; fileRef = 31BCB4C01D0B6BB200D44947 /* UITextField+ReplaceText.swift */; };
		31CF6AF61D08B00400D96EAC /* DetailViewController.swift in Sources */ = {isa = PBXBuildFile; fileRef = 31CF6AF51D08B00400D96EAC /* DetailViewController.swift */; };
		31E213911D09CF9C00F90B46 /* ArtistFollowers.swift in Sources */ = {isa = PBXBuildFile; fileRef = 31E213901D09CF9C00F90B46 /* ArtistFollowers.swift */; };
		31E213931D09CFA600F90B46 /* ArtistImageURL.swift in Sources */ = {isa = PBXBuildFile; fileRef = 31E213921D09CFA600F90B46 /* ArtistImageURL.swift */; };
		31E213951D09D0F700F90B46 /* ArtistTopTrack.swift in Sources */ = {isa = PBXBuildFile; fileRef = 31E213941D09D0F700F90B46 /* ArtistTopTrack.swift */; };
		31F0F9A61D0F32B3007F5D79 /* TransitionManager.swift in Sources */ = {isa = PBXBuildFile; fileRef = 31F0F9A51D0F32B3007F5D79 /* TransitionManager.swift */; };
		55E13ED4753D5CBE17F99EE1 /* Pods_SpotifyViewerUITests.framework in Frameworks */ = {isa = PBXBuildFile; fileRef = 90E025850A310BF3255E136C /* Pods_SpotifyViewerUITests.framework */; };
		7E46E4002D1D8F7EC0BE0F35 /* Pods_SpotifyViewerTests.framework in Frameworks */ = {isa = PBXBuildFile; fileRef = 2FDB328AB0909E7005F8EA63 /* Pods_SpotifyViewerTests.framework */; };
		C3B95F378FB9A37C429CEAF4 /* Pods_SpotifyViewer.framework in Frameworks */ = {isa = PBXBuildFile; fileRef = B090A9082ADCF35702226066 /* Pods_SpotifyViewer.framework */; };
/* End PBXBuildFile section */

/* Begin PBXContainerItemProxy section */
		31AB8D321D06069500CA2F30 /* PBXContainerItemProxy */ = {
			isa = PBXContainerItemProxy;
			containerPortal = 31AB8D151D06069500CA2F30 /* Project object */;
			proxyType = 1;
			remoteGlobalIDString = 31AB8D1C1D06069500CA2F30;
			remoteInfo = SpotifyViewer;
		};
		31AB8D3D1D06069500CA2F30 /* PBXContainerItemProxy */ = {
			isa = PBXContainerItemProxy;
			containerPortal = 31AB8D151D06069500CA2F30 /* Project object */;
			proxyType = 1;
			remoteGlobalIDString = 31AB8D1C1D06069500CA2F30;
			remoteInfo = SpotifyViewer;
		};
/* End PBXContainerItemProxy section */

/* Begin PBXFileReference section */
		105E40D50F6CAF5DFC142DFB /* Pods-SpotifyViewer.debug.xcconfig */ = {isa = PBXFileReference; includeInIndex = 1; lastKnownFileType = text.xcconfig; name = "Pods-SpotifyViewer.debug.xcconfig"; path = "Pods/Target Support Files/Pods-SpotifyViewer/Pods-SpotifyViewer.debug.xcconfig"; sourceTree = "<group>"; };
		28803F4DC6C2552126C6356B /* Pods-SpotifyViewerTests.debug.xcconfig */ = {isa = PBXFileReference; includeInIndex = 1; lastKnownFileType = text.xcconfig; name = "Pods-SpotifyViewerTests.debug.xcconfig"; path = "Pods/Target Support Files/Pods-SpotifyViewerTests/Pods-SpotifyViewerTests.debug.xcconfig"; sourceTree = "<group>"; };
		2FDB328AB0909E7005F8EA63 /* Pods_SpotifyViewerTests.framework */ = {isa = PBXFileReference; explicitFileType = wrapper.framework; includeInIndex = 0; path = Pods_SpotifyViewerTests.framework; sourceTree = BUILT_PRODUCTS_DIR; };
		30F7C651CBEBF86AFACD153B /* Pods-SpotifyViewer.release.xcconfig */ = {isa = PBXFileReference; includeInIndex = 1; lastKnownFileType = text.xcconfig; name = "Pods-SpotifyViewer.release.xcconfig"; path = "Pods/Target Support Files/Pods-SpotifyViewer/Pods-SpotifyViewer.release.xcconfig"; sourceTree = "<group>"; };
		3123A10A1D11CBF100859104 /* BaseModel.swift */ = {isa = PBXFileReference; fileEncoding = 4; lastKnownFileType = sourcecode.swift; path = BaseModel.swift; sourceTree = "<group>"; };
		3161CD8D1D0739C3005F38DE /* LoginViewController.swift */ = {isa = PBXFileReference; fileEncoding = 4; lastKnownFileType = sourcecode.swift; path = LoginViewController.swift; sourceTree = "<group>"; };
		3194FE6D1D1334A400C9E477 /* AVFoundation.framework */ = {isa = PBXFileReference; lastKnownFileType = wrapper.framework; name = AVFoundation.framework; path = System/Library/Frameworks/AVFoundation.framework; sourceTree = SDKROOT; };
		3194FE6F1D13383500C9E477 /* RealmManager.swift */ = {isa = PBXFileReference; fileEncoding = 4; lastKnownFileType = sourcecode.swift; name = RealmManager.swift; path = ../Models/RealmManager.swift; sourceTree = "<group>"; };
		3194FE711D138F5700C9E477 /* String+RandomString.swift */ = {isa = PBXFileReference; fileEncoding = 4; lastKnownFileType = sourcecode.swift; path = "String+RandomString.swift"; sourceTree = "<group>"; };
		31AB8D1D1D06069500CA2F30 /* SpotifyViewer.app */ = {isa = PBXFileReference; explicitFileType = wrapper.application; includeInIndex = 0; path = SpotifyViewer.app; sourceTree = BUILT_PRODUCTS_DIR; };
		31AB8D201D06069500CA2F30 /* AppDelegate.swift */ = {isa = PBXFileReference; lastKnownFileType = sourcecode.swift; name = AppDelegate.swift; path = ../AppDelegate.swift; sourceTree = "<group>"; };
		31AB8D221D06069500CA2F30 /* SearchViewController.swift */ = {isa = PBXFileReference; lastKnownFileType = sourcecode.swift; path = SearchViewController.swift; sourceTree = "<group>"; };
		31AB8D251D06069500CA2F30 /* Base */ = {isa = PBXFileReference; lastKnownFileType = file.storyboard; name = Base; path = Base.lproj/Main.storyboard; sourceTree = "<group>"; };
		31AB8D271D06069500CA2F30 /* Assets.xcassets */ = {isa = PBXFileReference; lastKnownFileType = folder.assetcatalog; path = Assets.xcassets; sourceTree = "<group>"; };
		31AB8D2A1D06069500CA2F30 /* Base */ = {isa = PBXFileReference; lastKnownFileType = file.storyboard; name = Base; path = Base.lproj/LaunchScreen.storyboard; sourceTree = "<group>"; };
		31AB8D2C1D06069500CA2F30 /* Info.plist */ = {isa = PBXFileReference; lastKnownFileType = text.plist.xml; path = Info.plist; sourceTree = "<group>"; };
		31AB8D311D06069500CA2F30 /* SpotifyViewerTests.xctest */ = {isa = PBXFileReference; explicitFileType = wrapper.cfbundle; includeInIndex = 0; path = SpotifyViewerTests.xctest; sourceTree = BUILT_PRODUCTS_DIR; };
		31AB8D351D06069500CA2F30 /* SpotifyViewerTests.swift */ = {isa = PBXFileReference; lastKnownFileType = sourcecode.swift; path = SpotifyViewerTests.swift; sourceTree = "<group>"; };
		31AB8D371D06069500CA2F30 /* Info.plist */ = {isa = PBXFileReference; lastKnownFileType = text.plist.xml; path = Info.plist; sourceTree = "<group>"; };
		31AB8D3C1D06069500CA2F30 /* SpotifyViewerUITests.xctest */ = {isa = PBXFileReference; explicitFileType = wrapper.cfbundle; includeInIndex = 0; path = SpotifyViewerUITests.xctest; sourceTree = BUILT_PRODUCTS_DIR; };
		31AB8D401D06069500CA2F30 /* SpotifyViewerUITests.swift */ = {isa = PBXFileReference; lastKnownFileType = sourcecode.swift; path = SpotifyViewerUITests.swift; sourceTree = "<group>"; };
		31AB8D421D06069500CA2F30 /* Info.plist */ = {isa = PBXFileReference; lastKnownFileType = text.plist.xml; path = Info.plist; sourceTree = "<group>"; };
		31AB8D531D06089100CA2F30 /* SpotifyArtist.swift */ = {isa = PBXFileReference; fileEncoding = 4; lastKnownFileType = sourcecode.swift; path = SpotifyArtist.swift; sourceTree = "<group>"; };
		31AB8D551D0608A000CA2F30 /* SARequestManager.swift */ = {isa = PBXFileReference; fileEncoding = 4; lastKnownFileType = sourcecode.swift; path = SARequestManager.swift; sourceTree = "<group>"; };
		31BCB4BB1D0B556900D44947 /* ArtistBio.swift */ = {isa = PBXFileReference; fileEncoding = 4; lastKnownFileType = sourcecode.swift; path = ArtistBio.swift; sourceTree = "<group>"; };
		31BCB4BD1D0B562700D44947 /* LFRequestManager.swift */ = {isa = PBXFileReference; fileEncoding = 4; lastKnownFileType = sourcecode.swift; path = LFRequestManager.swift; sourceTree = "<group>"; };
		31BCB4C01D0B6BB200D44947 /* UITextField+ReplaceText.swift */ = {isa = PBXFileReference; fileEncoding = 4; lastKnownFileType = sourcecode.swift; path = "UITextField+ReplaceText.swift"; sourceTree = "<group>"; };
		31CF6AF51D08B00400D96EAC /* DetailViewController.swift */ = {isa = PBXFileReference; fileEncoding = 4; lastKnownFileType = sourcecode.swift; path = DetailViewController.swift; sourceTree = "<group>"; };
		31E213901D09CF9C00F90B46 /* ArtistFollowers.swift */ = {isa = PBXFileReference; fileEncoding = 4; lastKnownFileType = sourcecode.swift; path = ArtistFollowers.swift; sourceTree = "<group>"; };
		31E213921D09CFA600F90B46 /* ArtistImageURL.swift */ = {isa = PBXFileReference; fileEncoding = 4; lastKnownFileType = sourcecode.swift; path = ArtistImageURL.swift; sourceTree = "<group>"; };
		31E213941D09D0F700F90B46 /* ArtistTopTrack.swift */ = {isa = PBXFileReference; fileEncoding = 4; lastKnownFileType = sourcecode.swift; path = ArtistTopTrack.swift; sourceTree = "<group>"; };
		31F0F9A51D0F32B3007F5D79 /* TransitionManager.swift */ = {isa = PBXFileReference; fileEncoding = 4; lastKnownFileType = sourcecode.swift; path = TransitionManager.swift; sourceTree = "<group>"; };
		6A64CD6D90759A6E1569E16D /* Pods-SpotifyViewerTests.release.xcconfig */ = {isa = PBXFileReference; includeInIndex = 1; lastKnownFileType = text.xcconfig; name = "Pods-SpotifyViewerTests.release.xcconfig"; path = "Pods/Target Support Files/Pods-SpotifyViewerTests/Pods-SpotifyViewerTests.release.xcconfig"; sourceTree = "<group>"; };
		6C57F9B1BED8CA0C7B96462F /* Pods-SpotifyViewerUITests.debug.xcconfig */ = {isa = PBXFileReference; includeInIndex = 1; lastKnownFileType = text.xcconfig; name = "Pods-SpotifyViewerUITests.debug.xcconfig"; path = "Pods/Target Support Files/Pods-SpotifyViewerUITests/Pods-SpotifyViewerUITests.debug.xcconfig"; sourceTree = "<group>"; };
		90E025850A310BF3255E136C /* Pods_SpotifyViewerUITests.framework */ = {isa = PBXFileReference; explicitFileType = wrapper.framework; includeInIndex = 0; path = Pods_SpotifyViewerUITests.framework; sourceTree = BUILT_PRODUCTS_DIR; };
		AA812B08C04D5E4235567412 /* Pods-SpotifyViewerUITests.release.xcconfig */ = {isa = PBXFileReference; includeInIndex = 1; lastKnownFileType = text.xcconfig; name = "Pods-SpotifyViewerUITests.release.xcconfig"; path = "Pods/Target Support Files/Pods-SpotifyViewerUITests/Pods-SpotifyViewerUITests.release.xcconfig"; sourceTree = "<group>"; };
		B090A9082ADCF35702226066 /* Pods_SpotifyViewer.framework */ = {isa = PBXFileReference; explicitFileType = wrapper.framework; includeInIndex = 0; path = Pods_SpotifyViewer.framework; sourceTree = BUILT_PRODUCTS_DIR; };
/* End PBXFileReference section */

/* Begin PBXFrameworksBuildPhase section */
		31AB8D1A1D06069500CA2F30 /* Frameworks */ = {
			isa = PBXFrameworksBuildPhase;
			buildActionMask = 2147483647;
			files = (
				3194FE6E1D1334A400C9E477 /* AVFoundation.framework in Frameworks */,
				C3B95F378FB9A37C429CEAF4 /* Pods_SpotifyViewer.framework in Frameworks */,
			);
			runOnlyForDeploymentPostprocessing = 0;
		};
		31AB8D2E1D06069500CA2F30 /* Frameworks */ = {
			isa = PBXFrameworksBuildPhase;
			buildActionMask = 2147483647;
			files = (
				7E46E4002D1D8F7EC0BE0F35 /* Pods_SpotifyViewerTests.framework in Frameworks */,
			);
			runOnlyForDeploymentPostprocessing = 0;
		};
		31AB8D391D06069500CA2F30 /* Frameworks */ = {
			isa = PBXFrameworksBuildPhase;
			buildActionMask = 2147483647;
			files = (
				55E13ED4753D5CBE17F99EE1 /* Pods_SpotifyViewerUITests.framework in Frameworks */,
			);
			runOnlyForDeploymentPostprocessing = 0;
		};
/* End PBXFrameworksBuildPhase section */

/* Begin PBXGroup section */
		3161CD7C1D0623A5005F38DE /* Frameworks */ = {
			isa = PBXGroup;
			children = (
				3194FE6D1D1334A400C9E477 /* AVFoundation.framework */,
				B090A9082ADCF35702226066 /* Pods_SpotifyViewer.framework */,
				2FDB328AB0909E7005F8EA63 /* Pods_SpotifyViewerTests.framework */,
				90E025850A310BF3255E136C /* Pods_SpotifyViewerUITests.framework */,
			);
			name = Frameworks;
			sourceTree = "<group>";
		};
		31AB8D141D06069500CA2F30 = {
			isa = PBXGroup;
			children = (
				3161CD7C1D0623A5005F38DE /* Frameworks */,
				9374B9DD4A409009323569DD /* Pods */,
				31AB8D1E1D06069500CA2F30 /* Products */,
				31AB8D1F1D06069500CA2F30 /* SpotifyViewer */,
				31AB8D341D06069500CA2F30 /* SpotifyViewerTests */,
				31AB8D3F1D06069500CA2F30 /* SpotifyViewerUITests */,
			);
			sourceTree = "<group>";
		};
		31AB8D1E1D06069500CA2F30 /* Products */ = {
			isa = PBXGroup;
			children = (
				31AB8D1D1D06069500CA2F30 /* SpotifyViewer.app */,
				31AB8D311D06069500CA2F30 /* SpotifyViewerTests.xctest */,
				31AB8D3C1D06069500CA2F30 /* SpotifyViewerUITests.xctest */,
			);
			name = Products;
			sourceTree = "<group>";
		};
		31AB8D1F1D06069500CA2F30 /* SpotifyViewer */ = {
			isa = PBXGroup;
			children = (
				31BCB4BF1D0B6B9200D44947 /* Extensions */,
				31CF6AF41D08985300D96EAC /* Controllers */,
				31AB8D4E1D06081800CA2F30 /* Models */,
				31AB8D4F1D06081E00CA2F30 /* Networking */,
				31CF6AF31D08947000D96EAC /* Supporting Files */,
				31AB8D291D06069500CA2F30 /* LaunchScreen.storyboard */,
				31AB8D241D06069500CA2F30 /* Main.storyboard */,
			);
			path = SpotifyViewer;
			sourceTree = "<group>";
		};
		31AB8D341D06069500CA2F30 /* SpotifyViewerTests */ = {
			isa = PBXGroup;
			children = (
				31AB8D371D06069500CA2F30 /* Info.plist */,
				31AB8D351D06069500CA2F30 /* SpotifyViewerTests.swift */,
			);
			path = SpotifyViewerTests;
			sourceTree = "<group>";
		};
		31AB8D3F1D06069500CA2F30 /* SpotifyViewerUITests */ = {
			isa = PBXGroup;
			children = (
				31AB8D421D06069500CA2F30 /* Info.plist */,
				31AB8D401D06069500CA2F30 /* SpotifyViewerUITests.swift */,
			);
			path = SpotifyViewerUITests;
			sourceTree = "<group>";
		};
		31AB8D4E1D06081800CA2F30 /* Models */ = {
			isa = PBXGroup;
			children = (
				3123A10A1D11CBF100859104 /* BaseModel.swift */,
				31AB8D531D06089100CA2F30 /* SpotifyArtist.swift */,
				31E213901D09CF9C00F90B46 /* ArtistFollowers.swift */,
				31E213921D09CFA600F90B46 /* ArtistImageURL.swift */,
				31E213941D09D0F700F90B46 /* ArtistTopTrack.swift */,
				31BCB4BB1D0B556900D44947 /* ArtistBio.swift */,
			);
			path = Models;
			sourceTree = "<group>";
		};
		31AB8D4F1D06081E00CA2F30 /* Networking */ = {
			isa = PBXGroup;
			children = (
				31AB8D551D0608A000CA2F30 /* SARequestManager.swift */,
				31BCB4BD1D0B562700D44947 /* LFRequestManager.swift */,
			);
			path = Networking;
			sourceTree = "<group>";
		};
		31BCB4BF1D0B6B9200D44947 /* Extensions */ = {
			isa = PBXGroup;
			children = (
				31BCB4C01D0B6BB200D44947 /* UITextField+ReplaceText.swift */,
				3194FE711D138F5700C9E477 /* String+RandomString.swift */,
			);
			name = Extensions;
			sourceTree = "<group>";
		};
		31CF6AF31D08947000D96EAC /* Supporting Files */ = {
			isa = PBXGroup;
			children = (
				31AB8D271D06069500CA2F30 /* Assets.xcassets */,
				31AB8D2C1D06069500CA2F30 /* Info.plist */,
				31AB8D201D06069500CA2F30 /* AppDelegate.swift */,
				3194FE6F1D13383500C9E477 /* RealmManager.swift */,
				31F0F9A51D0F32B3007F5D79 /* TransitionManager.swift */,
			);
			path = "Supporting Files";
			sourceTree = "<group>";
		};
		31CF6AF41D08985300D96EAC /* Controllers */ = {
			isa = PBXGroup;
			children = (
				31CF6AF51D08B00400D96EAC /* DetailViewController.swift */,
				3161CD8D1D0739C3005F38DE /* LoginViewController.swift */,
				31AB8D221D06069500CA2F30 /* SearchViewController.swift */,
			);
			path = Controllers;
			sourceTree = "<group>";
		};
		9374B9DD4A409009323569DD /* Pods */ = {
			isa = PBXGroup;
			children = (
				105E40D50F6CAF5DFC142DFB /* Pods-SpotifyViewer.debug.xcconfig */,
				30F7C651CBEBF86AFACD153B /* Pods-SpotifyViewer.release.xcconfig */,
				28803F4DC6C2552126C6356B /* Pods-SpotifyViewerTests.debug.xcconfig */,
				6A64CD6D90759A6E1569E16D /* Pods-SpotifyViewerTests.release.xcconfig */,
				6C57F9B1BED8CA0C7B96462F /* Pods-SpotifyViewerUITests.debug.xcconfig */,
				AA812B08C04D5E4235567412 /* Pods-SpotifyViewerUITests.release.xcconfig */,
			);
			name = Pods;
			sourceTree = "<group>";
		};
/* End PBXGroup section */

/* Begin PBXNativeTarget section */
		31AB8D1C1D06069500CA2F30 /* SpotifyViewer */ = {
			isa = PBXNativeTarget;
			buildConfigurationList = 31AB8D451D06069500CA2F30 /* Build configuration list for PBXNativeTarget "SpotifyViewer" */;
			buildPhases = (
				385E8E3DCAD7003D84048BAD /* [CP] Check Pods Manifest.lock */,
				31AB8D191D06069500CA2F30 /* Sources */,
				31AB8D1A1D06069500CA2F30 /* Frameworks */,
				31AB8D1B1D06069500CA2F30 /* Resources */,
				C8F35925D0F692F86700601C /* [CP] Embed Pods Frameworks */,
				65739F283B884042FF6B1A5C /* [CP] Copy Pods Resources */,
			);
			buildRules = (
			);
			dependencies = (
			);
			name = SpotifyViewer;
			productName = SpotifyViewer;
			productReference = 31AB8D1D1D06069500CA2F30 /* SpotifyViewer.app */;
			productType = "com.apple.product-type.application";
		};
		31AB8D301D06069500CA2F30 /* SpotifyViewerTests */ = {
			isa = PBXNativeTarget;
			buildConfigurationList = 31AB8D481D06069500CA2F30 /* Build configuration list for PBXNativeTarget "SpotifyViewerTests" */;
			buildPhases = (
				F4F80AC191ED795E0BE421E9 /* [CP] Check Pods Manifest.lock */,
				31AB8D2D1D06069500CA2F30 /* Sources */,
				31AB8D2E1D06069500CA2F30 /* Frameworks */,
				31AB8D2F1D06069500CA2F30 /* Resources */,
				88E3CA40E605BE043384058A /* [CP] Embed Pods Frameworks */,
				6A88F9DBC6B5B675377C57CC /* [CP] Copy Pods Resources */,
			);
			buildRules = (
			);
			dependencies = (
				31AB8D331D06069500CA2F30 /* PBXTargetDependency */,
			);
			name = SpotifyViewerTests;
			productName = SpotifyViewerTests;
			productReference = 31AB8D311D06069500CA2F30 /* SpotifyViewerTests.xctest */;
			productType = "com.apple.product-type.bundle.unit-test";
		};
		31AB8D3B1D06069500CA2F30 /* SpotifyViewerUITests */ = {
			isa = PBXNativeTarget;
			buildConfigurationList = 31AB8D4B1D06069500CA2F30 /* Build configuration list for PBXNativeTarget "SpotifyViewerUITests" */;
			buildPhases = (
				9A1D0D0612DF53AA739D6FBE /* [CP] Check Pods Manifest.lock */,
				31AB8D381D06069500CA2F30 /* Sources */,
				31AB8D391D06069500CA2F30 /* Frameworks */,
				31AB8D3A1D06069500CA2F30 /* Resources */,
				FA8A19EF38035B3F821CBF5E /* [CP] Copy Pods Resources */,
			);
			buildRules = (
			);
			dependencies = (
				31AB8D3E1D06069500CA2F30 /* PBXTargetDependency */,
			);
			name = SpotifyViewerUITests;
			productName = SpotifyViewerUITests;
			productReference = 31AB8D3C1D06069500CA2F30 /* SpotifyViewerUITests.xctest */;
			productType = "com.apple.product-type.bundle.ui-testing";
		};
/* End PBXNativeTarget section */

/* Begin PBXProject section */
		31AB8D151D06069500CA2F30 /* Project object */ = {
			isa = PBXProject;
			attributes = {
				LastSwiftUpdateCheck = 0730;
				LastUpgradeCheck = 0730;
				ORGANIZATIONNAME = "Alexander Persian";
				TargetAttributes = {
					31AB8D1C1D06069500CA2F30 = {
						CreatedOnToolsVersion = 7.3.1;
						DevelopmentTeam = 6N2SEPL3YG;
					};
					31AB8D301D06069500CA2F30 = {
						CreatedOnToolsVersion = 7.3.1;
						TestTargetID = 31AB8D1C1D06069500CA2F30;
					};
					31AB8D3B1D06069500CA2F30 = {
						CreatedOnToolsVersion = 7.3.1;
						TestTargetID = 31AB8D1C1D06069500CA2F30;
					};
				};
			};
			buildConfigurationList = 31AB8D181D06069500CA2F30 /* Build configuration list for PBXProject "SpotifyViewer" */;
			compatibilityVersion = "Xcode 3.2";
			developmentRegion = English;
			hasScannedForEncodings = 0;
			knownRegions = (
				en,
				Base,
			);
			mainGroup = 31AB8D141D06069500CA2F30;
			productRefGroup = 31AB8D1E1D06069500CA2F30 /* Products */;
			projectDirPath = "";
			projectRoot = "";
			targets = (
				31AB8D1C1D06069500CA2F30 /* SpotifyViewer */,
				31AB8D301D06069500CA2F30 /* SpotifyViewerTests */,
				31AB8D3B1D06069500CA2F30 /* SpotifyViewerUITests */,
			);
		};
/* End PBXProject section */

/* Begin PBXResourcesBuildPhase section */
		31AB8D1B1D06069500CA2F30 /* Resources */ = {
			isa = PBXResourcesBuildPhase;
			buildActionMask = 2147483647;
			files = (
				31AB8D2B1D06069500CA2F30 /* LaunchScreen.storyboard in Resources */,
				31AB8D281D06069500CA2F30 /* Assets.xcassets in Resources */,
				31AB8D261D06069500CA2F30 /* Main.storyboard in Resources */,
			);
			runOnlyForDeploymentPostprocessing = 0;
		};
		31AB8D2F1D06069500CA2F30 /* Resources */ = {
			isa = PBXResourcesBuildPhase;
			buildActionMask = 2147483647;
			files = (
			);
			runOnlyForDeploymentPostprocessing = 0;
		};
		31AB8D3A1D06069500CA2F30 /* Resources */ = {
			isa = PBXResourcesBuildPhase;
			buildActionMask = 2147483647;
			files = (
			);
			runOnlyForDeploymentPostprocessing = 0;
		};
/* End PBXResourcesBuildPhase section */

/* Begin PBXShellScriptBuildPhase section */
		385E8E3DCAD7003D84048BAD /* [CP] Check Pods Manifest.lock */ = {
			isa = PBXShellScriptBuildPhase;
			buildActionMask = 2147483647;
			files = (
			);
			inputPaths = (
			);
			name = "[CP] Check Pods Manifest.lock";
			outputPaths = (
			);
			runOnlyForDeploymentPostprocessing = 0;
			shellPath = /bin/sh;
			shellScript = "diff \"${PODS_ROOT}/../Podfile.lock\" \"${PODS_ROOT}/Manifest.lock\" > /dev/null\nif [[ $? != 0 ]] ; then\n    cat << EOM\nerror: The sandbox is not in sync with the Podfile.lock. Run 'pod install' or update your CocoaPods installation.\nEOM\n    exit 1\nfi\n";
			showEnvVarsInLog = 0;
		};
		65739F283B884042FF6B1A5C /* [CP] Copy Pods Resources */ = {
			isa = PBXShellScriptBuildPhase;
			buildActionMask = 2147483647;
			files = (
			);
			inputPaths = (
			);
			name = "[CP] Copy Pods Resources";
			outputPaths = (
			);
			runOnlyForDeploymentPostprocessing = 0;
			shellPath = /bin/sh;
			shellScript = "\"${SRCROOT}/Pods/Target Support Files/Pods-SpotifyViewer/Pods-SpotifyViewer-resources.sh\"\n";
			showEnvVarsInLog = 0;
		};
		6A88F9DBC6B5B675377C57CC /* [CP] Copy Pods Resources */ = {
			isa = PBXShellScriptBuildPhase;
			buildActionMask = 2147483647;
			files = (
			);
			inputPaths = (
			);
			name = "[CP] Copy Pods Resources";
			outputPaths = (
			);
			runOnlyForDeploymentPostprocessing = 0;
			shellPath = /bin/sh;
			shellScript = "\"${SRCROOT}/Pods/Target Support Files/Pods-SpotifyViewerTests/Pods-SpotifyViewerTests-resources.sh\"\n";
			showEnvVarsInLog = 0;
		};
		88E3CA40E605BE043384058A /* [CP] Embed Pods Frameworks */ = {
			isa = PBXShellScriptBuildPhase;
			buildActionMask = 2147483647;
			files = (
			);
			inputPaths = (
			);
			name = "[CP] Embed Pods Frameworks";
			outputPaths = (
			);
			runOnlyForDeploymentPostprocessing = 0;
			shellPath = /bin/sh;
			shellScript = "\"${SRCROOT}/Pods/Target Support Files/Pods-SpotifyViewerTests/Pods-SpotifyViewerTests-frameworks.sh\"\n";
			showEnvVarsInLog = 0;
		};
		9A1D0D0612DF53AA739D6FBE /* [CP] Check Pods Manifest.lock */ = {
			isa = PBXShellScriptBuildPhase;
			buildActionMask = 2147483647;
			files = (
			);
			inputPaths = (
			);
			name = "[CP] Check Pods Manifest.lock";
			outputPaths = (
			);
			runOnlyForDeploymentPostprocessing = 0;
			shellPath = /bin/sh;
			shellScript = "diff \"${PODS_ROOT}/../Podfile.lock\" \"${PODS_ROOT}/Manifest.lock\" > /dev/null\nif [[ $? != 0 ]] ; then\n    cat << EOM\nerror: The sandbox is not in sync with the Podfile.lock. Run 'pod install' or update your CocoaPods installation.\nEOM\n    exit 1\nfi\n";
			showEnvVarsInLog = 0;
		};
		C8F35925D0F692F86700601C /* [CP] Embed Pods Frameworks */ = {
			isa = PBXShellScriptBuildPhase;
			buildActionMask = 2147483647;
			files = (
			);
			inputPaths = (
			);
			name = "[CP] Embed Pods Frameworks";
			outputPaths = (
			);
			runOnlyForDeploymentPostprocessing = 0;
			shellPath = /bin/sh;
			shellScript = "\"${SRCROOT}/Pods/Target Support Files/Pods-SpotifyViewer/Pods-SpotifyViewer-frameworks.sh\"\n";
			showEnvVarsInLog = 0;
		};
		F4F80AC191ED795E0BE421E9 /* [CP] Check Pods Manifest.lock */ = {
			isa = PBXShellScriptBuildPhase;
			buildActionMask = 2147483647;
			files = (
			);
			inputPaths = (
			);
			name = "[CP] Check Pods Manifest.lock";
			outputPaths = (
			);
			runOnlyForDeploymentPostprocessing = 0;
			shellPath = /bin/sh;
			shellScript = "diff \"${PODS_ROOT}/../Podfile.lock\" \"${PODS_ROOT}/Manifest.lock\" > /dev/null\nif [[ $? != 0 ]] ; then\n    cat << EOM\nerror: The sandbox is not in sync with the Podfile.lock. Run 'pod install' or update your CocoaPods installation.\nEOM\n    exit 1\nfi\n";
			showEnvVarsInLog = 0;
		};
		FA8A19EF38035B3F821CBF5E /* [CP] Copy Pods Resources */ = {
			isa = PBXShellScriptBuildPhase;
			buildActionMask = 2147483647;
			files = (
			);
			inputPaths = (
			);
			name = "[CP] Copy Pods Resources";
			outputPaths = (
			);
			runOnlyForDeploymentPostprocessing = 0;
			shellPath = /bin/sh;
			shellScript = "\"${SRCROOT}/Pods/Target Support Files/Pods-SpotifyViewerUITests/Pods-SpotifyViewerUITests-resources.sh\"\n";
			showEnvVarsInLog = 0;
		};
/* End PBXShellScriptBuildPhase section */

/* Begin PBXSourcesBuildPhase section */
		31AB8D191D06069500CA2F30 /* Sources */ = {
			isa = PBXSourcesBuildPhase;
			buildActionMask = 2147483647;
			files = (
				31AB8D541D06089100CA2F30 /* SpotifyArtist.swift in Sources */,
				31E213911D09CF9C00F90B46 /* ArtistFollowers.swift in Sources */,
				3123A10B1D11CBF100859104 /* BaseModel.swift in Sources */,
				31F0F9A61D0F32B3007F5D79 /* TransitionManager.swift in Sources */,
				31AB8D561D0608A000CA2F30 /* SARequestManager.swift in Sources */,
				31AB8D231D06069500CA2F30 /* SearchViewController.swift in Sources */,
				31BCB4C11D0B6BB200D44947 /* UITextField+ReplaceText.swift in Sources */,
				31CF6AF61D08B00400D96EAC /* DetailViewController.swift in Sources */,
				31E213951D09D0F700F90B46 /* ArtistTopTrack.swift in Sources */,
				3194FE701D13383500C9E477 /* RealmManager.swift in Sources */,
				3161CD8E1D0739C3005F38DE /* LoginViewController.swift in Sources */,
				31BCB4BC1D0B556900D44947 /* ArtistBio.swift in Sources */,
				31E213931D09CFA600F90B46 /* ArtistImageURL.swift in Sources */,
				31AB8D211D06069500CA2F30 /* AppDelegate.swift in Sources */,
				3194FE721D138F5700C9E477 /* String+RandomString.swift in Sources */,
				31BCB4BE1D0B562700D44947 /* LFRequestManager.swift in Sources */,
			);
			runOnlyForDeploymentPostprocessing = 0;
		};
		31AB8D2D1D06069500CA2F30 /* Sources */ = {
			isa = PBXSourcesBuildPhase;
			buildActionMask = 2147483647;
			files = (
				31AB8D361D06069500CA2F30 /* SpotifyViewerTests.swift in Sources */,
			);
			runOnlyForDeploymentPostprocessing = 0;
		};
		31AB8D381D06069500CA2F30 /* Sources */ = {
			isa = PBXSourcesBuildPhase;
			buildActionMask = 2147483647;
			files = (
				31AB8D411D06069500CA2F30 /* SpotifyViewerUITests.swift in Sources */,
			);
			runOnlyForDeploymentPostprocessing = 0;
		};
/* End PBXSourcesBuildPhase section */

/* Begin PBXTargetDependency section */
		31AB8D331D06069500CA2F30 /* PBXTargetDependency */ = {
			isa = PBXTargetDependency;
			target = 31AB8D1C1D06069500CA2F30 /* SpotifyViewer */;
			targetProxy = 31AB8D321D06069500CA2F30 /* PBXContainerItemProxy */;
		};
		31AB8D3E1D06069500CA2F30 /* PBXTargetDependency */ = {
			isa = PBXTargetDependency;
			target = 31AB8D1C1D06069500CA2F30 /* SpotifyViewer */;
			targetProxy = 31AB8D3D1D06069500CA2F30 /* PBXContainerItemProxy */;
		};
/* End PBXTargetDependency section */

/* Begin PBXVariantGroup section */
		31AB8D241D06069500CA2F30 /* Main.storyboard */ = {
			isa = PBXVariantGroup;
			children = (
				31AB8D251D06069500CA2F30 /* Base */,
			);
			name = Main.storyboard;
			path = .;
			sourceTree = "<group>";
		};
		31AB8D291D06069500CA2F30 /* LaunchScreen.storyboard */ = {
			isa = PBXVariantGroup;
			children = (
				31AB8D2A1D06069500CA2F30 /* Base */,
			);
			name = LaunchScreen.storyboard;
			path = .;
			sourceTree = "<group>";
		};
/* End PBXVariantGroup section */

/* Begin XCBuildConfiguration section */
		31AB8D431D06069500CA2F30 /* Debug */ = {
			isa = XCBuildConfiguration;
			buildSettings = {
				ALWAYS_SEARCH_USER_PATHS = NO;
				CLANG_ANALYZER_NONNULL = YES;
				CLANG_CXX_LANGUAGE_STANDARD = "gnu++0x";
				CLANG_CXX_LIBRARY = "libc++";
				CLANG_ENABLE_MODULES = YES;
				CLANG_ENABLE_OBJC_ARC = YES;
				CLANG_WARN_BOOL_CONVERSION = YES;
				CLANG_WARN_CONSTANT_CONVERSION = YES;
				CLANG_WARN_DIRECT_OBJC_ISA_USAGE = YES_ERROR;
				CLANG_WARN_EMPTY_BODY = YES;
				CLANG_WARN_ENUM_CONVERSION = YES;
				CLANG_WARN_INT_CONVERSION = YES;
				CLANG_WARN_OBJC_ROOT_CLASS = YES_ERROR;
				CLANG_WARN_UNREACHABLE_CODE = YES;
				CLANG_WARN__DUPLICATE_METHOD_MATCH = YES;
				"CODE_SIGN_IDENTITY[sdk=iphoneos*]" = "iPhone Developer";
				COPY_PHASE_STRIP = NO;
				DEBUG_INFORMATION_FORMAT = dwarf;
				ENABLE_STRICT_OBJC_MSGSEND = YES;
				ENABLE_TESTABILITY = YES;
				GCC_C_LANGUAGE_STANDARD = gnu99;
				GCC_DYNAMIC_NO_PIC = NO;
				GCC_NO_COMMON_BLOCKS = YES;
				GCC_OPTIMIZATION_LEVEL = 0;
				GCC_PREPROCESSOR_DEFINITIONS = (
					"DEBUG=1",
					"$(inherited)",
				);
				GCC_WARN_64_TO_32_BIT_CONVERSION = YES;
				GCC_WARN_ABOUT_RETURN_TYPE = YES_ERROR;
				GCC_WARN_UNDECLARED_SELECTOR = YES;
				GCC_WARN_UNINITIALIZED_AUTOS = YES_AGGRESSIVE;
				GCC_WARN_UNUSED_FUNCTION = YES;
				GCC_WARN_UNUSED_VARIABLE = YES;
				IPHONEOS_DEPLOYMENT_TARGET = 9.3;
				MTL_ENABLE_DEBUG_INFO = YES;
				ONLY_ACTIVE_ARCH = YES;
				SDKROOT = iphoneos;
				SWIFT_OPTIMIZATION_LEVEL = "-Onone";
				TARGETED_DEVICE_FAMILY = "1,2";
			};
			name = Debug;
		};
		31AB8D441D06069500CA2F30 /* Release */ = {
			isa = XCBuildConfiguration;
			buildSettings = {
				ALWAYS_SEARCH_USER_PATHS = NO;
				CLANG_ANALYZER_NONNULL = YES;
				CLANG_CXX_LANGUAGE_STANDARD = "gnu++0x";
				CLANG_CXX_LIBRARY = "libc++";
				CLANG_ENABLE_MODULES = YES;
				CLANG_ENABLE_OBJC_ARC = YES;
				CLANG_WARN_BOOL_CONVERSION = YES;
				CLANG_WARN_CONSTANT_CONVERSION = YES;
				CLANG_WARN_DIRECT_OBJC_ISA_USAGE = YES_ERROR;
				CLANG_WARN_EMPTY_BODY = YES;
				CLANG_WARN_ENUM_CONVERSION = YES;
				CLANG_WARN_INT_CONVERSION = YES;
				CLANG_WARN_OBJC_ROOT_CLASS = YES_ERROR;
				CLANG_WARN_UNREACHABLE_CODE = YES;
				CLANG_WARN__DUPLICATE_METHOD_MATCH = YES;
				"CODE_SIGN_IDENTITY[sdk=iphoneos*]" = "iPhone Developer";
				COPY_PHASE_STRIP = NO;
				DEBUG_INFORMATION_FORMAT = "dwarf-with-dsym";
				ENABLE_NS_ASSERTIONS = NO;
				ENABLE_STRICT_OBJC_MSGSEND = YES;
				GCC_C_LANGUAGE_STANDARD = gnu99;
				GCC_NO_COMMON_BLOCKS = YES;
				GCC_WARN_64_TO_32_BIT_CONVERSION = YES;
				GCC_WARN_ABOUT_RETURN_TYPE = YES_ERROR;
				GCC_WARN_UNDECLARED_SELECTOR = YES;
				GCC_WARN_UNINITIALIZED_AUTOS = YES_AGGRESSIVE;
				GCC_WARN_UNUSED_FUNCTION = YES;
				GCC_WARN_UNUSED_VARIABLE = YES;
				IPHONEOS_DEPLOYMENT_TARGET = 9.3;
				MTL_ENABLE_DEBUG_INFO = NO;
				SDKROOT = iphoneos;
				TARGETED_DEVICE_FAMILY = "1,2";
				VALIDATE_PRODUCT = YES;
			};
			name = Release;
		};
		31AB8D461D06069500CA2F30 /* Debug */ = {
			isa = XCBuildConfiguration;
			baseConfigurationReference = 105E40D50F6CAF5DFC142DFB /* Pods-SpotifyViewer.debug.xcconfig */;
			buildSettings = {
				ASSETCATALOG_COMPILER_APPICON_NAME = AppIcon;
				CLANG_ENABLE_MODULES = YES;
				CODE_SIGN_IDENTITY = "iPhone Developer";
				FRAMEWORK_SEARCH_PATHS = (
					"$(inherited)",
					"$(PROJECT_DIR)",
				);
				INFOPLIST_FILE = "SpotifyViewer/Supporting Files/Info.plist";
				IPHONEOS_DEPLOYMENT_TARGET = 9.0;
				LD_RUNPATH_SEARCH_PATHS = "$(inherited) @executable_path/Frameworks";
				OTHER_LDFLAGS = "-ObjC";
				PRODUCT_BUNDLE_IDENTIFIER = com.alexanderpersian.SpotifyViewer;
				PRODUCT_NAME = "$(TARGET_NAME)";
				SWIFT_OBJC_BRIDGING_HEADER = "";
				SWIFT_OPTIMIZATION_LEVEL = "-Onone";
			};
			name = Debug;
		};
		31AB8D471D06069500CA2F30 /* Release */ = {
			isa = XCBuildConfiguration;
			baseConfigurationReference = 30F7C651CBEBF86AFACD153B /* Pods-SpotifyViewer.release.xcconfig */;
			buildSettings = {
				ASSETCATALOG_COMPILER_APPICON_NAME = AppIcon;
				CLANG_ENABLE_MODULES = YES;
				CODE_SIGN_IDENTITY = "iPhone Developer";
				FRAMEWORK_SEARCH_PATHS = (
					"$(inherited)",
					"$(PROJECT_DIR)",
				);
				INFOPLIST_FILE = "SpotifyViewer/Supporting Files/Info.plist";
				IPHONEOS_DEPLOYMENT_TARGET = 9.0;
				LD_RUNPATH_SEARCH_PATHS = "$(inherited) @executable_path/Frameworks";
				OTHER_LDFLAGS = "-ObjC";
				PRODUCT_BUNDLE_IDENTIFIER = com.alexanderpersian.SpotifyViewer;
				PRODUCT_NAME = "$(TARGET_NAME)";
				SWIFT_OBJC_BRIDGING_HEADER = "";
			};
			name = Release;
		};
		31AB8D491D06069500CA2F30 /* Debug */ = {
			isa = XCBuildConfiguration;
			baseConfigurationReference = 28803F4DC6C2552126C6356B /* Pods-SpotifyViewerTests.debug.xcconfig */;
			buildSettings = {
				BUNDLE_LOADER = "$(TEST_HOST)";
				INFOPLIST_FILE = SpotifyViewerTests/Info.plist;
				LD_RUNPATH_SEARCH_PATHS = "$(inherited) @executable_path/Frameworks @loader_path/Frameworks";
				PRODUCT_BUNDLE_IDENTIFIER = com.alexanderpersian.SpotifyViewerTests;
				PRODUCT_NAME = "$(TARGET_NAME)";
				TEST_HOST = "$(BUILT_PRODUCTS_DIR)/SpotifyViewer.app/SpotifyViewer";
			};
			name = Debug;
		};
		31AB8D4A1D06069500CA2F30 /* Release */ = {
			isa = XCBuildConfiguration;
			baseConfigurationReference = 6A64CD6D90759A6E1569E16D /* Pods-SpotifyViewerTests.release.xcconfig */;
			buildSettings = {
				BUNDLE_LOADER = "$(TEST_HOST)";
				INFOPLIST_FILE = SpotifyViewerTests/Info.plist;
				LD_RUNPATH_SEARCH_PATHS = "$(inherited) @executable_path/Frameworks @loader_path/Frameworks";
				PRODUCT_BUNDLE_IDENTIFIER = com.alexanderpersian.SpotifyViewerTests;
				PRODUCT_NAME = "$(TARGET_NAME)";
				TEST_HOST = "$(BUILT_PRODUCTS_DIR)/SpotifyViewer.app/SpotifyViewer";
			};
			name = Release;
		};
		31AB8D4C1D06069500CA2F30 /* Debug */ = {
			isa = XCBuildConfiguration;
			baseConfigurationReference = 6C57F9B1BED8CA0C7B96462F /* Pods-SpotifyViewerUITests.debug.xcconfig */;
			buildSettings = {
				INFOPLIST_FILE = SpotifyViewerUITests/Info.plist;
				LD_RUNPATH_SEARCH_PATHS = "$(inherited) @executable_path/Frameworks @loader_path/Frameworks";
				PRODUCT_BUNDLE_IDENTIFIER = com.alexanderpersian.SpotifyViewerUITests;
				PRODUCT_NAME = "$(TARGET_NAME)";
				TEST_TARGET_NAME = SpotifyViewer;
			};
			name = Debug;
		};
		31AB8D4D1D06069500CA2F30 /* Release */ = {
			isa = XCBuildConfiguration;
			baseConfigurationReference = AA812B08C04D5E4235567412 /* Pods-SpotifyViewerUITests.release.xcconfig */;
			buildSettings = {
				INFOPLIST_FILE = SpotifyViewerUITests/Info.plist;
				LD_RUNPATH_SEARCH_PATHS = "$(inherited) @executable_path/Frameworks @loader_path/Frameworks";
				PRODUCT_BUNDLE_IDENTIFIER = com.alexanderpersian.SpotifyViewerUITests;
				PRODUCT_NAME = "$(TARGET_NAME)";
				TEST_TARGET_NAME = SpotifyViewer;
			};
			name = Release;
		};
/* End XCBuildConfiguration section */

/* Begin XCConfigurationList section */
		31AB8D181D06069500CA2F30 /* Build configuration list for PBXProject "SpotifyViewer" */ = {
			isa = XCConfigurationList;
			buildConfigurations = (
				31AB8D431D06069500CA2F30 /* Debug */,
				31AB8D441D06069500CA2F30 /* Release */,
			);
			defaultConfigurationIsVisible = 0;
			defaultConfigurationName = Release;
		};
		31AB8D451D06069500CA2F30 /* Build configuration list for PBXNativeTarget "SpotifyViewer" */ = {
			isa = XCConfigurationList;
			buildConfigurations = (
				31AB8D461D06069500CA2F30 /* Debug */,
				31AB8D471D06069500CA2F30 /* Release */,
			);
			defaultConfigurationIsVisible = 0;
			defaultConfigurationName = Release;
		};
		31AB8D481D06069500CA2F30 /* Build configuration list for PBXNativeTarget "SpotifyViewerTests" */ = {
			isa = XCConfigurationList;
			buildConfigurations = (
				31AB8D491D06069500CA2F30 /* Debug */,
				31AB8D4A1D06069500CA2F30 /* Release */,
			);
			defaultConfigurationIsVisible = 0;
			defaultConfigurationName = Release;
		};
		31AB8D4B1D06069500CA2F30 /* Build configuration list for PBXNativeTarget "SpotifyViewerUITests" */ = {
			isa = XCConfigurationList;
			buildConfigurations = (
				31AB8D4C1D06069500CA2F30 /* Debug */,
				31AB8D4D1D06069500CA2F30 /* Release */,
			);
			defaultConfigurationIsVisible = 0;
			defaultConfigurationName = Release;
		};
/* End XCConfigurationList section */
	};
	rootObject = 31AB8D151D06069500CA2F30 /* Project object */;
}
